
Microsoft Visual Studio Solution File, Format Version 12.00
# Visual Studio Version 17
VisualStudioVersion = 17.8.34330.188
MinimumVisualStudioVersion = 10.0.40219.1
Project("{FAE04EC0-301F-11D3-BF4B-00C04F79EFBC}") = "TreeWebbing", "TreeWebbing\TreeWebbing.csproj", "{006660AA-FEC8-4A45-A8F2-E6020F036323}"
EndProject
Global
	GlobalSection(SolutionConfigurationPlatforms) = preSolution
		Debug|Any CPU = Debug|Any CPU
		Release|Any CPU = Release|Any CPU
	EndGlobalSection
	GlobalSection(ProjectConfigurationPlatforms) = postSolution
		{006660AA-FEC8-4A45-A8F2-E6020F036323}.Debug|Any CPU.ActiveCfg = Debug|Any CPU
		{006660AA-FEC8-4A45-A8F2-E6020F036323}.Debug|Any CPU.Build.0 = Debug|Any CPU
		{006660AA-FEC8-4A45-A8F2-E6020F036323}.Release|Any CPU.ActiveCfg = Release|Any CPU
		{006660AA-FEC8-4A45-A8F2-E6020F036323}.Release|Any CPU.Build.0 = Release|Any CPU
	EndGlobalSection
	GlobalSection(SolutionProperties) = preSolution
		HideSolutionNode = FALSE
	EndGlobalSection
	GlobalSection(ExtensibilityGlobals) = postSolution
		SolutionGuid = {E1A417B4-D7B5-47CF-89A1-D930860FDDE1}
	EndGlobalSection
EndGlobal
